{
    "_readme": [
        "This file locks the dependencies of your project to a known state",
        "Read more about it at https://getcomposer.org/doc/01-basic-usage.md#installing-dependencies",
        "This file is @generated automatically"
    ],
    "content-hash": "402af63c589d377c2603dad264a76a88",
    "packages": [
        {
            "name": "lfphp/func",
            "version": "1.0.4",
            "source": {
                "type": "git",
                "url": "https://github.com/sasumi/Func.git",
                "reference": "8a62b07c11ac518a54dfa685a89e7017319b2880"
            },
            "dist": {
                "type": "zip",
                "url": "https://api.github.com/repos/sasumi/Func/zipball/8a62b07c11ac518a54dfa685a89e7017319b2880",
                "reference": "8a62b07c11ac518a54dfa685a89e7017319b2880",
                "shasum": ""
            },
            "require": {
                "ext-json": "*",
                "ext-mbstring": "*",
                "php": ">=5.6"
            },
            "type": "library",
            "autoload": {
                "files": [
                    "autoload.php"
                ]
            },
            "notification-url": "https://packagist.org/downloads/",
            "license": [
                "Apache-2.0"
            ],
            "authors": [
                {
                    "name": "Sasumi.H",
                    "email": "cnsasumi@outlook.com",
                    "homepage": "http://blog.yikepi.com/"
                }
            ],
            "description": "A lite function pack for PHP.",
            "homepage": "http://blog.yikepi.com/",
            "keywords": [
                "function"
            ],
            "time": "2020-03-30T09:47:06+00:00"
        }
    ],
    "packages-dev": [],
    "aliases": [],
    "minimum-stability": "stable",
    "stability-flags": [],
    "prefer-stable": false,
    "prefer-lowest": false,
    "platform": {
        "php": ">=5.6",
        "ext-mbstring": "*",
        "ext-json": "*"
    },
    "platform-dev": [],
    "plugin-api-version": "1.1.0"
}
